
Microsoft Visual Studio Solution File, Format Version 12.00
Project("{2150E333-8FDC-42A3-9474-1A3956D46DE8}") = "src", "src", "{827E0CD3-B72D-47B6-A68D-7590B98EB39B}"
EndProject
Project("{2150E333-8FDC-42A3-9474-1A3956D46DE8}") = "core", "core", "{8D626EA8-CB54-BC41-363A-217881BEBA6E}"
EndProject
Project("{FAE04EC0-301F-11D3-BF4B-00C04F79EFBC}") = "Palladin.Core.Types", "src\core\Palladin.Core.Types\Palladin.Core.Types.csproj", "{9700D91F-71D9-43D8-9981-9C404CBAD542}"
EndProject
Project("{FAE04EC0-301F-11D3-BF4B-00C04F79EFBC}") = "Palladin.Core.Modules", "src\core\Palladin.Core.Modules\Palladin.Core.Modules.csproj", "{96EC75BD-5942-4188-BBC0-24B241B78227}"
EndProject
Project("{FAE04EC0-301F-11D3-BF4B-00C04F79EFBC}") = "Palladin.Core.Events", "src\core\Palladin.Core.Events\Palladin.Core.Events.csproj", "{F4DF5C8C-03B8-48F3-B357-DE71AF695C1F}"
EndProject
Project("{FAE04EC0-301F-11D3-BF4B-00C04F79EFBC}") = "Palladin.Core.Json", "src\core\Palladin.Core.Json\Palladin.Core.Json.csproj", "{2A2FF877-086E-4295-A146-0CD2F51536F1}"
EndProject
Project("{FAE04EC0-301F-11D3-BF4B-00C04F79EFBC}") = "Palladin.Core.Options", "src\core\Palladin.Core.Options\Palladin.Core.Options.csproj", "{C2DD33AA-24AC-4A07-8505-ED65C10C02E8}"
EndProject
Project("{FAE04EC0-301F-11D3-BF4B-00C04F79EFBC}") = "Palladin.Core.Http", "src\core\Palladin.Core.Http\Palladin.Core.Http.csproj", "{C4F304DF-6F30-4EA6-A575-C814A7C273D4}"
EndProject
Project("{FAE04EC0-301F-11D3-BF4B-00C04F79EFBC}") = "Palladin.Core.Guid", "src\core\Palladin.Core.Guid\Palladin.Core.Guid.csproj", "{1B129BDC-3A27-4F23-B0EB-0F2C7F601DCD}"
EndProject
Project("{FAE04EC0-301F-11D3-BF4B-00C04F79EFBC}") = "Palladin.Core.Api", "src\core\Palladin.Core.Api\Palladin.Core.Api.csproj", "{5A5A31B9-53A9-4A22-A367-7DB4C7A51122}"
EndProject
Project("{FAE04EC0-301F-11D3-BF4B-00C04F79EFBC}") = "Palladin.Core.Persistence", "src\core\Palladin.Core.Persistence\Palladin.Core.Persistence.csproj", "{B0194473-BEB4-432D-8221-F260B4577098}"
EndProject
Project("{FAE04EC0-301F-11D3-BF4B-00C04F79EFBC}") = "Palladin.Core.MassTransit", "src\core\Palladin.Core.MassTransit\Palladin.Core.MassTransit.csproj", "{98366FDA-4A08-42F9-A541-4897A271756A}"
EndProject
Project("{FAE04EC0-301F-11D3-BF4B-00C04F79EFBC}") = "Palladin.Core.Transport", "src\core\Palladin.Core.Transport\Palladin.Core.Transport.csproj", "{8EB5C3A2-CFC0-4DA9-95FE-D0A1183C70EE}"
EndProject
Project("{FAE04EC0-301F-11D3-BF4B-00C04F79EFBC}") = "Palladin.Core.Hangfire", "src\core\Palladin.Core.Hangfire\Palladin.Core.Hangfire.csproj", "{40FC3DFB-DEC2-4ED8-8E6F-D564FBC09591}"
EndProject
Project("{FAE04EC0-301F-11D3-BF4B-00C04F79EFBC}") = "Palladin.Core.Ai", "src\core\Palladin.Core.Ai\Palladin.Core.Ai.csproj", "{A00C6FA9-3F48-4C54-858A-E08E6394FF06}"
EndProject
Project("{FAE04EC0-301F-11D3-BF4B-00C04F79EFBC}") = "Palladin.Core.Analytics", "src\core\Palladin.Core.Analytics\Palladin.Core.Analytics.csproj", "{C520FFC2-57C8-4184-B2E9-7F9C3B21972A}"
EndProject
Project("{FAE04EC0-301F-11D3-BF4B-00C04F79EFBC}") = "Palladin.Core.AbTesting", "src\core\Palladin.Core.AbTesting\Palladin.Core.AbTesting.csproj", "{C822A90B-A984-4BDD-B757-0F701AFC1DCF}"
EndProject
Project("{FAE04EC0-301F-11D3-BF4B-00C04F79EFBC}") = "Palladin.Core.NodaTime", "src\core\Palladin.Core.NodaTime\Palladin.Core.NodaTime.csproj", "{5D04A56D-DE7B-4F3F-8BFC-F1AB72C59559}"
EndProject
Project("{FAE04EC0-301F-11D3-BF4B-00C04F79EFBC}") = "Palladin.Core.Normalization", "src\core\Palladin.Core.Normalization\Palladin.Core.Normalization.csproj", "{8F9213C6-6094-4D76-9350-890DA99813C7}"
EndProject
Project("{FAE04EC0-301F-11D3-BF4B-00C04F79EFBC}") = "Palladin.Core.Ietf", "src\core\Palladin.Core.Ietf\Palladin.Core.Ietf.csproj", "{104EF540-7CE8-4690-BAE1-E10C7420DE7F}"
EndProject
Project("{FAE04EC0-301F-11D3-BF4B-00C04F79EFBC}") = "Palladin.Core.Bcp47", "src\core\Palladin.Core.Bcp47\Palladin.Core.Bcp47.csproj", "{E563A0F0-FC0B-4C13-B4F6-8A750157BA6B}"
EndProject
Project("{2150E333-8FDC-42A3-9474-1A3956D46DE8}") = "modules", "modules", "{A1B2C3D4-E5F6-7890-ABCD-EF1234567890}"
EndProject
Project("{FAE04EC0-301F-11D3-BF4B-00C04F79EFBC}") = "Palladin.Module.Identity", "src\modules\Palladin.Module.Identity\Palladin.Module.Identity.csproj", "{D4E5F6A7-B8C9-0123-4567-890ABCDEF012}"
EndProject
Project("{2150E333-8FDC-42A3-9474-1A3956D46DE8}") = "tests", "tests", "{0AB3BF05-4346-4AA6-1389-037BE0695223}"
EndProject
Project("{FAE04EC0-301F-11D3-BF4B-00C04F79EFBC}") = "Palladin.Tests.Integrations", "tests\Palladin.Tests.Integrations\Palladin.Tests.Integrations.csproj", "{15BDD494-C484-486E-9B6B-50A0E317C956}"
EndProject
Project("{FAE04EC0-301F-11D3-BF4B-00C04F79EFBC}") = "Palladin.Api", "src\Palladin.Api\Palladin.Api.csproj", "{068FE146-8B5E-4796-8A71-C5BF727F82E3}"
EndProject
Project("{FAE04EC0-301F-11D3-BF4B-00C04F79EFBC}") = "Palladin.Core.Security", "src\core\Palladin.Core.Security\Palladin.Core.Security.csproj", "{4ACC49D0-6015-4FF7-8C49-20772FB464DF}"
EndProject
Project("{FAE04EC0-301F-11D3-BF4B-00C04F79EFBC}") = "Palladin.Tests.Unit", "tests\Palladin.Tests.Unit\Palladin.Tests.Unit.csproj", "{2331969F-F489-4D7D-B216-789B1CDC26DA}"
EndProject
Project("{FAE04EC0-301F-11D3-BF4B-00C04F79EFBC}") = "Palladin.Module.Vault", "src\modules\Palladin.Module.Vault\Palladin.Module.Vault.csproj", "{65D19C3C-6D2F-4264-94D3-EA9D9A6F507A}"
EndProject
Project("{FAE04EC0-301F-11D3-BF4B-00C04F79EFBC}") = "Palladin.Module.Agents", "src\modules\Palladin.Module.Agents\Palladin.Module.Agents.csproj", "{3C15E794-9135-482B-9785-944A7C18C429}"
EndProject
Project("{FAE04EC0-301F-11D3-BF4B-00C04F79EFBC}") = "Palladin.Module.Notification", "src\modules\Palladin.Module.Notification\Palladin.Module.Notification.csproj", "{5A7080B3-37D2-47C0-BA8B-42CA49139796}"
EndProject
Project("{FAE04EC0-301F-11D3-BF4B-00C04F79EFBC}") = "Palladin.Module.Audit", "src\modules\Palladin.Module.Audit\Palladin.Module.Audit.csproj", "{2D12C2C9-B067-4235-BDBA-2BE9C0111ABD}"
EndProject
Project("{FAE04EC0-301F-11D3-BF4B-00C04F79EFBC}") = "Palladin.Module.Notification.Contracts", "src\modules\Palladin.Module.Notification\Contracts\Palladin.Module.Notification.Contracts.csproj", "{11FB392C-0138-4138-93CA-D9C4D0A59BF0}"
EndProject
Project("{FAE04EC0-301F-11D3-BF4B-00C04F79EFBC}") = "Palladin.Module.Search", "src\modules\Palladin.Module.Search\Palladin.Module.Search.csproj", "{0DD360D2-FFAC-4D68-88B7-89F4C257D7D8}"
EndProject
Project("{FAE04EC0-301F-11D3-BF4B-00C04F79EFBC}") = "Palladin.Module.Search.Contracts", "src\modules\Palladin.Module.Search\Contracts\Palladin.Module.Search.Contracts.csproj", "{50DDF68B-1919-46FD-8A71-CC4F08A18B26}"
EndProject
Project("{FAE04EC0-301F-11D3-BF4B-00C04F79EFBC}") = "Palladin.Module.Audit.Contracts", "src\modules\Palladin.Module.Audit\Contracts\Palladin.Module.Audit.Contracts.csproj", "{42A2C706-6A86-48DA-88D7-8A3761A2806C}"
EndProject
Project("{FAE04EC0-301F-11D3-BF4B-00C04F79EFBC}") = "Palladin.Module.Vault.Contracts", "src\modules\Palladin.Module.Vault\Contracts\Palladin.Module.Vault.Contracts.csproj", "{AF881AF4-0D23-49FF-BFE1-FD4C772DE0A3}"
EndProject
Project("{FAE04EC0-301F-11D3-BF4B-00C04F79EFBC}") = "Palladin.Module.Agents.Contracts", "src\modules\Palladin.Module.Agents\Contracts\Palladin.Module.Agents.Contracts.csproj", "{D7B97E2C-6EE3-4A15-AF22-B1C18A8D0081}"
EndProject
Project("{FAE04EC0-301F-11D3-BF4B-00C04F79EFBC}") = "Palladin.Module.Identity.Contracts", "src\modules\Palladin.Module.Identity\Contracts\Palladin.Module.Identity.Contracts.csproj", "{D267741A-7EB4-4A69-8E09-31FF97DFE5B2}"
EndProject
Project("{FAE04EC0-301F-11D3-BF4B-00C04F79EFBC}") = "Palladin.Module.PublicAssetCatalog", "src\modules\Palladin.Module.PublicAssetCatalog\Palladin.Module.PublicAssetCatalog.csproj", "{4F96DF72-5421-4AA9-83E5-626608C28A9B}"
EndProject
Project("{2150E333-8FDC-42A3-9474-1A3956D46DE8}") = "PublicAssetCatalog", "PublicAssetCatalog", "{2103A255-CDC9-B046-5137-5BC9ADECDA6A}"
EndProject
Project("{2150E333-8FDC-42A3-9474-1A3956D46DE8}") = "Contracts", "Contracts", "{CA9595F0-21A6-FCC5-9C21-4F42211C112C}"
EndProject
Project("{FAE04EC0-301F-11D3-BF4B-00C04F79EFBC}") = "Palladin.Module.PublicAssetCatalog.Contracts", "src\modules\Palladin.Module.PublicAssetCatalog\Contracts\Palladin.Module.PublicAssetCatalog.Contracts.csproj", "{FA2300CE-E89B-4C09-AA78-2710879805D5}"
EndProject
Global
	GlobalSection(SolutionConfigurationPlatforms) = preSolution
		Debug|Any CPU = Debug|Any CPU
		Debug|x64 = Debug|x64
		Debug|x86 = Debug|x86
		Release|Any CPU = Release|Any CPU
		Release|x64 = Release|x64
		Release|x86 = Release|x86
	EndGlobalSection
	GlobalSection(ProjectConfigurationPlatforms) = postSolution
		{9700D91F-71D9-43D8-9981-9C404CBAD542}.Debug|Any CPU.ActiveCfg = Debug|Any CPU
		{9700D91F-71D9-43D8-9981-9C404CBAD542}.Debug|Any CPU.Build.0 = Debug|Any CPU
		{9700D91F-71D9-43D8-9981-9C404CBAD542}.Debug|x64.ActiveCfg = Debug|Any CPU
		{9700D91F-71D9-43D8-9981-9C404CBAD542}.Debug|x64.Build.0 = Debug|Any CPU
		{9700D91F-71D9-43D8-9981-9C404CBAD542}.Debug|x86.ActiveCfg = Debug|Any CPU
		{9700D91F-71D9-43D8-9981-9C404CBAD542}.Debug|x86.Build.0 = Debug|Any CPU
		{9700D91F-71D9-43D8-9981-9C404CBAD542}.Release|Any CPU.ActiveCfg = Release|Any CPU
		{9700D91F-71D9-43D8-9981-9C404CBAD542}.Release|Any CPU.Build.0 = Release|Any CPU
		{9700D91F-71D9-43D8-9981-9C404CBAD542}.Release|x64.ActiveCfg = Release|Any CPU
		{9700D91F-71D9-43D8-9981-9C404CBAD542}.Release|x64.Build.0 = Release|Any CPU
		{9700D91F-71D9-43D8-9981-9C404CBAD542}.Release|x86.ActiveCfg = Release|Any CPU
		{9700D91F-71D9-43D8-9981-9C404CBAD542}.Release|x86.Build.0 = Release|Any CPU
		{96EC75BD-5942-4188-BBC0-24B241B78227}.Debug|Any CPU.ActiveCfg = Debug|Any CPU
		{96EC75BD-5942-4188-BBC0-24B241B78227}.Debug|Any CPU.Build.0 = Debug|Any CPU
		{96EC75BD-5942-4188-BBC0-24B241B78227}.Debug|x64.ActiveCfg = Debug|Any CPU
		{96EC75BD-5942-4188-BBC0-24B241B78227}.Debug|x64.Build.0 = Debug|Any CPU
		{96EC75BD-5942-4188-BBC0-24B241B78227}.Debug|x86.ActiveCfg = Debug|Any CPU
		{96EC75BD-5942-4188-BBC0-24B241B78227}.Debug|x86.Build.0 = Debug|Any CPU
		{96EC75BD-5942-4188-BBC0-24B241B78227}.Release|Any CPU.ActiveCfg = Release|Any CPU
		{96EC75BD-5942-4188-BBC0-24B241B78227}.Release|Any CPU.Build.0 = Release|Any CPU
		{96EC75BD-5942-4188-BBC0-24B241B78227}.Release|x64.ActiveCfg = Release|Any CPU
		{96EC75BD-5942-4188-BBC0-24B241B78227}.Release|x64.Build.0 = Release|Any CPU
		{96EC75BD-5942-4188-BBC0-24B241B78227}.Release|x86.ActiveCfg = Release|Any CPU
		{96EC75BD-5942-4188-BBC0-24B241B78227}.Release|x86.Build.0 = Release|Any CPU
		{F4DF5C8C-03B8-48F3-B357-DE71AF695C1F}.Debug|Any CPU.ActiveCfg = Debug|Any CPU
		{F4DF5C8C-03B8-48F3-B357-DE71AF695C1F}.Debug|Any CPU.Build.0 = Debug|Any CPU
		{F4DF5C8C-03B8-48F3-B357-DE71AF695C1F}.Debug|x64.ActiveCfg = Debug|Any CPU
		{F4DF5C8C-03B8-48F3-B357-DE71AF695C1F}.Debug|x64.Build.0 = Debug|Any CPU
		{F4DF5C8C-03B8-48F3-B357-DE71AF695C1F}.Debug|x86.ActiveCfg = Debug|Any CPU
		{F4DF5C8C-03B8-48F3-B357-DE71AF695C1F}.Debug|x86.Build.0 = Debug|Any CPU
		{F4DF5C8C-03B8-48F3-B357-DE71AF695C1F}.Release|Any CPU.ActiveCfg = Release|Any CPU
		{F4DF5C8C-03B8-48F3-B357-DE71AF695C1F}.Release|Any CPU.Build.0 = Release|Any CPU
		{F4DF5C8C-03B8-48F3-B357-DE71AF695C1F}.Release|x64.ActiveCfg = Release|Any CPU
		{F4DF5C8C-03B8-48F3-B357-DE71AF695C1F}.Release|x64.Build.0 = Release|Any CPU
		{F4DF5C8C-03B8-48F3-B357-DE71AF695C1F}.Release|x86.ActiveCfg = Release|Any CPU
		{F4DF5C8C-03B8-48F3-B357-DE71AF695C1F}.Release|x86.Build.0 = Release|Any CPU
		{2A2FF877-086E-4295-A146-0CD2F51536F1}.Debug|Any CPU.ActiveCfg = Debug|Any CPU
		{2A2FF877-086E-4295-A146-0CD2F51536F1}.Debug|Any CPU.Build.0 = Debug|Any CPU
		{2A2FF877-086E-4295-A146-0CD2F51536F1}.Debug|x64.ActiveCfg = Debug|Any CPU
		{2A2FF877-086E-4295-A146-0CD2F51536F1}.Debug|x64.Build.0 = Debug|Any CPU
		{2A2FF877-086E-4295-A146-0CD2F51536F1}.Debug|x86.ActiveCfg = Debug|Any CPU
		{2A2FF877-086E-4295-A146-0CD2F51536F1}.Debug|x86.Build.0 = Debug|Any CPU
		{2A2FF877-086E-4295-A146-0CD2F51536F1}.Release|Any CPU.ActiveCfg = Release|Any CPU
		{2A2FF877-086E-4295-A146-0CD2F51536F1}.Release|Any CPU.Build.0 = Release|Any CPU
		{2A2FF877-086E-4295-A146-0CD2F51536F1}.Release|x64.ActiveCfg = Release|Any CPU
		{2A2FF877-086E-4295-A146-0CD2F51536F1}.Release|x64.Build.0 = Release|Any CPU
		{2A2FF877-086E-4295-A146-0CD2F51536F1}.Release|x86.ActiveCfg = Release|Any CPU
		{2A2FF877-086E-4295-A146-0CD2F51536F1}.Release|x86.Build.0 = Release|Any CPU
		{C2DD33AA-24AC-4A07-8505-ED65C10C02E8}.Debug|Any CPU.ActiveCfg = Debug|Any CPU
		{C2DD33AA-24AC-4A07-8505-ED65C10C02E8}.Debug|Any CPU.Build.0 = Debug|Any CPU
		{C2DD33AA-24AC-4A07-8505-ED65C10C02E8}.Debug|x64.ActiveCfg = Debug|Any CPU
		{C2DD33AA-24AC-4A07-8505-ED65C10C02E8}.Debug|x64.Build.0 = Debug|Any CPU
		{C2DD33AA-24AC-4A07-8505-ED65C10C02E8}.Debug|x86.ActiveCfg = Debug|Any CPU
		{C2DD33AA-24AC-4A07-8505-ED65C10C02E8}.Debug|x86.Build.0 = Debug|Any CPU
		{C2DD33AA-24AC-4A07-8505-ED65C10C02E8}.Release|Any CPU.ActiveCfg = Release|Any CPU
		{C2DD33AA-24AC-4A07-8505-ED65C10C02E8}.Release|Any CPU.Build.0 = Release|Any CPU
		{C2DD33AA-24AC-4A07-8505-ED65C10C02E8}.Release|x64.ActiveCfg = Release|Any CPU
		{C2DD33AA-24AC-4A07-8505-ED65C10C02E8}.Release|x64.Build.0 = Release|Any CPU
		{C2DD33AA-24AC-4A07-8505-ED65C10C02E8}.Release|x86.ActiveCfg = Release|Any CPU
		{C2DD33AA-24AC-4A07-8505-ED65C10C02E8}.Release|x86.Build.0 = Release|Any CPU
		{C4F304DF-6F30-4EA6-A575-C814A7C273D4}.Debug|Any CPU.ActiveCfg = Debug|Any CPU
		{C4F304DF-6F30-4EA6-A575-C814A7C273D4}.Debug|Any CPU.Build.0 = Debug|Any CPU
		{C4F304DF-6F30-4EA6-A575-C814A7C273D4}.Debug|x64.ActiveCfg = Debug|Any CPU
		{C4F304DF-6F30-4EA6-A575-C814A7C273D4}.Debug|x64.Build.0 = Debug|Any CPU
		{C4F304DF-6F30-4EA6-A575-C814A7C273D4}.Debug|x86.ActiveCfg = Debug|Any CPU
		{C4F304DF-6F30-4EA6-A575-C814A7C273D4}.Debug|x86.Build.0 = Debug|Any CPU
		{C4F304DF-6F30-4EA6-A575-C814A7C273D4}.Release|Any CPU.ActiveCfg = Release|Any CPU
		{C4F304DF-6F30-4EA6-A575-C814A7C273D4}.Release|Any CPU.Build.0 = Release|Any CPU
		{C4F304DF-6F30-4EA6-A575-C814A7C273D4}.Release|x64.ActiveCfg = Release|Any CPU
		{C4F304DF-6F30-4EA6-A575-C814A7C273D4}.Release|x64.Build.0 = Release|Any CPU
		{C4F304DF-6F30-4EA6-A575-C814A7C273D4}.Release|x86.ActiveCfg = Release|Any CPU
		{C4F304DF-6F30-4EA6-A575-C814A7C273D4}.Release|x86.Build.0 = Release|Any CPU
		{1B129BDC-3A27-4F23-B0EB-0F2C7F601DCD}.Debug|Any CPU.ActiveCfg = Debug|Any CPU
		{1B129BDC-3A27-4F23-B0EB-0F2C7F601DCD}.Debug|Any CPU.Build.0 = Debug|Any CPU
		{1B129BDC-3A27-4F23-B0EB-0F2C7F601DCD}.Debug|x64.ActiveCfg = Debug|Any CPU
		{1B129BDC-3A27-4F23-B0EB-0F2C7F601DCD}.Debug|x64.Build.0 = Debug|Any CPU
		{1B129BDC-3A27-4F23-B0EB-0F2C7F601DCD}.Debug|x86.ActiveCfg = Debug|Any CPU
		{1B129BDC-3A27-4F23-B0EB-0F2C7F601DCD}.Debug|x86.Build.0 = Debug|Any CPU
		{1B129BDC-3A27-4F23-B0EB-0F2C7F601DCD}.Release|Any CPU.ActiveCfg = Release|Any CPU
		{1B129BDC-3A27-4F23-B0EB-0F2C7F601DCD}.Release|Any CPU.Build.0 = Release|Any CPU
		{1B129BDC-3A27-4F23-B0EB-0F2C7F601DCD}.Release|x64.ActiveCfg = Release|Any CPU
		{1B129BDC-3A27-4F23-B0EB-0F2C7F601DCD}.Release|x64.Build.0 = Release|Any CPU
		{1B129BDC-3A27-4F23-B0EB-0F2C7F601DCD}.Release|x86.ActiveCfg = Release|Any CPU
		{1B129BDC-3A27-4F23-B0EB-0F2C7F601DCD}.Release|x86.Build.0 = Release|Any CPU
		{5A5A31B9-53A9-4A22-A367-7DB4C7A51122}.Debug|Any CPU.ActiveCfg = Debug|Any CPU
		{5A5A31B9-53A9-4A22-A367-7DB4C7A51122}.Debug|Any CPU.Build.0 = Debug|Any CPU
		{5A5A31B9-53A9-4A22-A367-7DB4C7A51122}.Debug|x64.ActiveCfg = Debug|Any CPU
		{5A5A31B9-53A9-4A22-A367-7DB4C7A51122}.Debug|x64.Build.0 = Debug|Any CPU
		{5A5A31B9-53A9-4A22-A367-7DB4C7A51122}.Debug|x86.ActiveCfg = Debug|Any CPU
		{5A5A31B9-53A9-4A22-A367-7DB4C7A51122}.Debug|x86.Build.0 = Debug|Any CPU
		{5A5A31B9-53A9-4A22-A367-7DB4C7A51122}.Release|Any CPU.ActiveCfg = Release|Any CPU
		{5A5A31B9-53A9-4A22-A367-7DB4C7A51122}.Release|Any CPU.Build.0 = Release|Any CPU
		{5A5A31B9-53A9-4A22-A367-7DB4C7A51122}.Release|x64.ActiveCfg = Release|Any CPU
		{5A5A31B9-53A9-4A22-A367-7DB4C7A51122}.Release|x64.Build.0 = Release|Any CPU
		{5A5A31B9-53A9-4A22-A367-7DB4C7A51122}.Release|x86.ActiveCfg = Release|Any CPU
		{5A5A31B9-53A9-4A22-A367-7DB4C7A51122}.Release|x86.Build.0 = Release|Any CPU
		{B0194473-BEB4-432D-8221-F260B4577098}.Debug|Any CPU.ActiveCfg = Debug|Any CPU
		{B0194473-BEB4-432D-8221-F260B4577098}.Debug|Any CPU.Build.0 = Debug|Any CPU
		{B0194473-BEB4-432D-8221-F260B4577098}.Debug|x64.ActiveCfg = Debug|Any CPU
		{B0194473-BEB4-432D-8221-F260B4577098}.Debug|x64.Build.0 = Debug|Any CPU
		{B0194473-BEB4-432D-8221-F260B4577098}.Debug|x86.ActiveCfg = Debug|Any CPU
		{B0194473-BEB4-432D-8221-F260B4577098}.Debug|x86.Build.0 = Debug|Any CPU
		{B0194473-BEB4-432D-8221-F260B4577098}.Release|Any CPU.ActiveCfg = Release|Any CPU
		{B0194473-BEB4-432D-8221-F260B4577098}.Release|Any CPU.Build.0 = Release|Any CPU
		{B0194473-BEB4-432D-8221-F260B4577098}.Release|x64.ActiveCfg = Release|Any CPU
		{B0194473-BEB4-432D-8221-F260B4577098}.Release|x64.Build.0 = Release|Any CPU
		{B0194473-BEB4-432D-8221-F260B4577098}.Release|x86.ActiveCfg = Release|Any CPU
		{B0194473-BEB4-432D-8221-F260B4577098}.Release|x86.Build.0 = Release|Any CPU
		{98366FDA-4A08-42F9-A541-4897A271756A}.Debug|Any CPU.ActiveCfg = Debug|Any CPU
		{98366FDA-4A08-42F9-A541-4897A271756A}.Debug|Any CPU.Build.0 = Debug|Any CPU
		{98366FDA-4A08-42F9-A541-4897A271756A}.Debug|x64.ActiveCfg = Debug|Any CPU
		{98366FDA-4A08-42F9-A541-4897A271756A}.Debug|x64.Build.0 = Debug|Any CPU
		{98366FDA-4A08-42F9-A541-4897A271756A}.Debug|x86.ActiveCfg = Debug|Any CPU
		{98366FDA-4A08-42F9-A541-4897A271756A}.Debug|x86.Build.0 = Debug|Any CPU
		{98366FDA-4A08-42F9-A541-4897A271756A}.Release|Any CPU.ActiveCfg = Release|Any CPU
		{98366FDA-4A08-42F9-A541-4897A271756A}.Release|Any CPU.Build.0 = Release|Any CPU
		{98366FDA-4A08-42F9-A541-4897A271756A}.Release|x64.ActiveCfg = Release|Any CPU
		{98366FDA-4A08-42F9-A541-4897A271756A}.Release|x64.Build.0 = Release|Any CPU
		{98366FDA-4A08-42F9-A541-4897A271756A}.Release|x86.ActiveCfg = Release|Any CPU
		{98366FDA-4A08-42F9-A541-4897A271756A}.Release|x86.Build.0 = Release|Any CPU
		{8EB5C3A2-CFC0-4DA9-95FE-D0A1183C70EE}.Debug|Any CPU.ActiveCfg = Debug|Any CPU
		{8EB5C3A2-CFC0-4DA9-95FE-D0A1183C70EE}.Debug|Any CPU.Build.0 = Debug|Any CPU
		{8EB5C3A2-CFC0-4DA9-95FE-D0A1183C70EE}.Debug|x64.ActiveCfg = Debug|Any CPU
		{8EB5C3A2-CFC0-4DA9-95FE-D0A1183C70EE}.Debug|x64.Build.0 = Debug|Any CPU
		{8EB5C3A2-CFC0-4DA9-95FE-D0A1183C70EE}.Debug|x86.ActiveCfg = Debug|Any CPU
		{8EB5C3A2-CFC0-4DA9-95FE-D0A1183C70EE}.Debug|x86.Build.0 = Debug|Any CPU
		{8EB5C3A2-CFC0-4DA9-95FE-D0A1183C70EE}.Release|Any CPU.ActiveCfg = Release|Any CPU
		{8EB5C3A2-CFC0-4DA9-95FE-D0A1183C70EE}.Release|Any CPU.Build.0 = Release|Any CPU
		{8EB5C3A2-CFC0-4DA9-95FE-D0A1183C70EE}.Release|x64.ActiveCfg = Release|Any CPU
		{8EB5C3A2-CFC0-4DA9-95FE-D0A1183C70EE}.Release|x64.Build.0 = Release|Any CPU
		{8EB5C3A2-CFC0-4DA9-95FE-D0A1183C70EE}.Release|x86.ActiveCfg = Release|Any CPU
		{8EB5C3A2-CFC0-4DA9-95FE-D0A1183C70EE}.Release|x86.Build.0 = Release|Any CPU
		{40FC3DFB-DEC2-4ED8-8E6F-D564FBC09591}.Debug|Any CPU.ActiveCfg = Debug|Any CPU
		{40FC3DFB-DEC2-4ED8-8E6F-D564FBC09591}.Debug|Any CPU.Build.0 = Debug|Any CPU
		{40FC3DFB-DEC2-4ED8-8E6F-D564FBC09591}.Debug|x64.ActiveCfg = Debug|Any CPU
		{40FC3DFB-DEC2-4ED8-8E6F-D564FBC09591}.Debug|x64.Build.0 = Debug|Any CPU
		{40FC3DFB-DEC2-4ED8-8E6F-D564FBC09591}.Debug|x86.ActiveCfg = Debug|Any CPU
		{40FC3DFB-DEC2-4ED8-8E6F-D564FBC09591}.Debug|x86.Build.0 = Debug|Any CPU
		{40FC3DFB-DEC2-4ED8-8E6F-D564FBC09591}.Release|Any CPU.ActiveCfg = Release|Any CPU
		{40FC3DFB-DEC2-4ED8-8E6F-D564FBC09591}.Release|Any CPU.Build.0 = Release|Any CPU
		{40FC3DFB-DEC2-4ED8-8E6F-D564FBC09591}.Release|x64.ActiveCfg = Release|Any CPU
		{40FC3DFB-DEC2-4ED8-8E6F-D564FBC09591}.Release|x64.Build.0 = Release|Any CPU
		{40FC3DFB-DEC2-4ED8-8E6F-D564FBC09591}.Release|x86.ActiveCfg = Release|Any CPU
		{40FC3DFB-DEC2-4ED8-8E6F-D564FBC09591}.Release|x86.Build.0 = Release|Any CPU
		{A00C6FA9-3F48-4C54-858A-E08E6394FF06}.Debug|Any CPU.ActiveCfg = Debug|Any CPU
		{A00C6FA9-3F48-4C54-858A-E08E6394FF06}.Debug|Any CPU.Build.0 = Debug|Any CPU
		{A00C6FA9-3F48-4C54-858A-E08E6394FF06}.Debug|x64.ActiveCfg = Debug|Any CPU
		{A00C6FA9-3F48-4C54-858A-E08E6394FF06}.Debug|x64.Build.0 = Debug|Any CPU
		{A00C6FA9-3F48-4C54-858A-E08E6394FF06}.Debug|x86.ActiveCfg = Debug|Any CPU
		{A00C6FA9-3F48-4C54-858A-E08E6394FF06}.Debug|x86.Build.0 = Debug|Any CPU
		{A00C6FA9-3F48-4C54-858A-E08E6394FF06}.Release|Any CPU.ActiveCfg = Release|Any CPU
		{A00C6FA9-3F48-4C54-858A-E08E6394FF06}.Release|Any CPU.Build.0 = Release|Any CPU
		{A00C6FA9-3F48-4C54-858A-E08E6394FF06}.Release|x64.ActiveCfg = Release|Any CPU
		{A00C6FA9-3F48-4C54-858A-E08E6394FF06}.Release|x64.Build.0 = Release|Any CPU
		{A00C6FA9-3F48-4C54-858A-E08E6394FF06}.Release|x86.ActiveCfg = Release|Any CPU
		{A00C6FA9-3F48-4C54-858A-E08E6394FF06}.Release|x86.Build.0 = Release|Any CPU
		{C520FFC2-57C8-4184-B2E9-7F9C3B21972A}.Debug|Any CPU.ActiveCfg = Debug|Any CPU
		{C520FFC2-57C8-4184-B2E9-7F9C3B21972A}.Debug|Any CPU.Build.0 = Debug|Any CPU
		{C520FFC2-57C8-4184-B2E9-7F9C3B21972A}.Debug|x64.ActiveCfg = Debug|Any CPU
		{C520FFC2-57C8-4184-B2E9-7F9C3B21972A}.Debug|x64.Build.0 = Debug|Any CPU
		{C520FFC2-57C8-4184-B2E9-7F9C3B21972A}.Debug|x86.ActiveCfg = Debug|Any CPU
		{C520FFC2-57C8-4184-B2E9-7F9C3B21972A}.Debug|x86.Build.0 = Debug|Any CPU
		{C520FFC2-57C8-4184-B2E9-7F9C3B21972A}.Release|Any CPU.ActiveCfg = Release|Any CPU
		{C520FFC2-57C8-4184-B2E9-7F9C3B21972A}.Release|Any CPU.Build.0 = Release|Any CPU
		{C520FFC2-57C8-4184-B2E9-7F9C3B21972A}.Release|x64.ActiveCfg = Release|Any CPU
		{C520FFC2-57C8-4184-B2E9-7F9C3B21972A}.Release|x64.Build.0 = Release|Any CPU
		{C520FFC2-57C8-4184-B2E9-7F9C3B21972A}.Release|x86.ActiveCfg = Release|Any CPU
		{C520FFC2-57C8-4184-B2E9-7F9C3B21972A}.Release|x86.Build.0 = Release|Any CPU
		{C822A90B-A984-4BDD-B757-0F701AFC1DCF}.Debug|Any CPU.ActiveCfg = Debug|Any CPU
		{C822A90B-A984-4BDD-B757-0F701AFC1DCF}.Debug|Any CPU.Build.0 = Debug|Any CPU
		{C822A90B-A984-4BDD-B757-0F701AFC1DCF}.Debug|x64.ActiveCfg = Debug|Any CPU
		{C822A90B-A984-4BDD-B757-0F701AFC1DCF}.Debug|x64.Build.0 = Debug|Any CPU
		{C822A90B-A984-4BDD-B757-0F701AFC1DCF}.Debug|x86.ActiveCfg = Debug|Any CPU
		{C822A90B-A984-4BDD-B757-0F701AFC1DCF}.Debug|x86.Build.0 = Debug|Any CPU
		{C822A90B-A984-4BDD-B757-0F701AFC1DCF}.Release|Any CPU.ActiveCfg = Release|Any CPU
		{C822A90B-A984-4BDD-B757-0F701AFC1DCF}.Release|Any CPU.Build.0 = Release|Any CPU
		{C822A90B-A984-4BDD-B757-0F701AFC1DCF}.Release|x64.ActiveCfg = Release|Any CPU
		{C822A90B-A984-4BDD-B757-0F701AFC1DCF}.Release|x64.Build.0 = Release|Any CPU
		{C822A90B-A984-4BDD-B757-0F701AFC1DCF}.Release|x86.ActiveCfg = Release|Any CPU
		{C822A90B-A984-4BDD-B757-0F701AFC1DCF}.Release|x86.Build.0 = Release|Any CPU
		{5D04A56D-DE7B-4F3F-8BFC-F1AB72C59559}.Debug|Any CPU.ActiveCfg = Debug|Any CPU
		{5D04A56D-DE7B-4F3F-8BFC-F1AB72C59559}.Debug|Any CPU.Build.0 = Debug|Any CPU
		{5D04A56D-DE7B-4F3F-8BFC-F1AB72C59559}.Debug|x64.ActiveCfg = Debug|Any CPU
		{5D04A56D-DE7B-4F3F-8BFC-F1AB72C59559}.Debug|x64.Build.0 = Debug|Any CPU
		{5D04A56D-DE7B-4F3F-8BFC-F1AB72C59559}.Debug|x86.ActiveCfg = Debug|Any CPU
		{5D04A56D-DE7B-4F3F-8BFC-F1AB72C59559}.Debug|x86.Build.0 = Debug|Any CPU
		{5D04A56D-DE7B-4F3F-8BFC-F1AB72C59559}.Release|Any CPU.ActiveCfg = Release|Any CPU
		{5D04A56D-DE7B-4F3F-8BFC-F1AB72C59559}.Release|Any CPU.Build.0 = Release|Any CPU
		{5D04A56D-DE7B-4F3F-8BFC-F1AB72C59559}.Release|x64.ActiveCfg = Release|Any CPU
		{5D04A56D-DE7B-4F3F-8BFC-F1AB72C59559}.Release|x64.Build.0 = Release|Any CPU
		{5D04A56D-DE7B-4F3F-8BFC-F1AB72C59559}.Release|x86.ActiveCfg = Release|Any CPU
		{5D04A56D-DE7B-4F3F-8BFC-F1AB72C59559}.Release|x86.Build.0 = Release|Any CPU
		{8F9213C6-6094-4D76-9350-890DA99813C7}.Debug|Any CPU.ActiveCfg = Debug|Any CPU
		{8F9213C6-6094-4D76-9350-890DA99813C7}.Debug|Any CPU.Build.0 = Debug|Any CPU
		{8F9213C6-6094-4D76-9350-890DA99813C7}.Debug|x64.ActiveCfg = Debug|Any CPU
		{8F9213C6-6094-4D76-9350-890DA99813C7}.Debug|x64.Build.0 = Debug|Any CPU
		{8F9213C6-6094-4D76-9350-890DA99813C7}.Debug|x86.ActiveCfg = Debug|Any CPU
		{8F9213C6-6094-4D76-9350-890DA99813C7}.Debug|x86.Build.0 = Debug|Any CPU
		{8F9213C6-6094-4D76-9350-890DA99813C7}.Release|Any CPU.ActiveCfg = Release|Any CPU
		{8F9213C6-6094-4D76-9350-890DA99813C7}.Release|Any CPU.Build.0 = Release|Any CPU
		{8F9213C6-6094-4D76-9350-890DA99813C7}.Release|x64.ActiveCfg = Release|Any CPU
		{8F9213C6-6094-4D76-9350-890DA99813C7}.Release|x64.Build.0 = Release|Any CPU
		{8F9213C6-6094-4D76-9350-890DA99813C7}.Release|x86.ActiveCfg = Release|Any CPU
		{8F9213C6-6094-4D76-9350-890DA99813C7}.Release|x86.Build.0 = Release|Any CPU
		{104EF540-7CE8-4690-BAE1-E10C7420DE7F}.Debug|Any CPU.ActiveCfg = Debug|Any CPU
		{104EF540-7CE8-4690-BAE1-E10C7420DE7F}.Debug|Any CPU.Build.0 = Debug|Any CPU
		{104EF540-7CE8-4690-BAE1-E10C7420DE7F}.Debug|x64.ActiveCfg = Debug|Any CPU
		{104EF540-7CE8-4690-BAE1-E10C7420DE7F}.Debug|x64.Build.0 = Debug|Any CPU
		{104EF540-7CE8-4690-BAE1-E10C7420DE7F}.Debug|x86.ActiveCfg = Debug|Any CPU
		{104EF540-7CE8-4690-BAE1-E10C7420DE7F}.Debug|x86.Build.0 = Debug|Any CPU
		{104EF540-7CE8-4690-BAE1-E10C7420DE7F}.Release|Any CPU.ActiveCfg = Release|Any CPU
		{104EF540-7CE8-4690-BAE1-E10C7420DE7F}.Release|Any CPU.Build.0 = Release|Any CPU
		{104EF540-7CE8-4690-BAE1-E10C7420DE7F}.Release|x64.ActiveCfg = Release|Any CPU
		{104EF540-7CE8-4690-BAE1-E10C7420DE7F}.Release|x64.Build.0 = Release|Any CPU
		{104EF540-7CE8-4690-BAE1-E10C7420DE7F}.Release|x86.ActiveCfg = Release|Any CPU
		{104EF540-7CE8-4690-BAE1-E10C7420DE7F}.Release|x86.Build.0 = Release|Any CPU
		{E563A0F0-FC0B-4C13-B4F6-8A750157BA6B}.Debug|Any CPU.ActiveCfg = Debug|Any CPU
		{E563A0F0-FC0B-4C13-B4F6-8A750157BA6B}.Debug|Any CPU.Build.0 = Debug|Any CPU
		{E563A0F0-FC0B-4C13-B4F6-8A750157BA6B}.Debug|x64.ActiveCfg = Debug|Any CPU
		{E563A0F0-FC0B-4C13-B4F6-8A750157BA6B}.Debug|x64.Build.0 = Debug|Any CPU
		{E563A0F0-FC0B-4C13-B4F6-8A750157BA6B}.Debug|x86.ActiveCfg = Debug|Any CPU
		{E563A0F0-FC0B-4C13-B4F6-8A750157BA6B}.Debug|x86.Build.0 = Debug|Any CPU
		{E563A0F0-FC0B-4C13-B4F6-8A750157BA6B}.Release|Any CPU.ActiveCfg = Release|Any CPU
		{E563A0F0-FC0B-4C13-B4F6-8A750157BA6B}.Release|Any CPU.Build.0 = Release|Any CPU
		{E563A0F0-FC0B-4C13-B4F6-8A750157BA6B}.Release|x64.ActiveCfg = Release|Any CPU
		{E563A0F0-FC0B-4C13-B4F6-8A750157BA6B}.Release|x64.Build.0 = Release|Any CPU
		{E563A0F0-FC0B-4C13-B4F6-8A750157BA6B}.Release|x86.ActiveCfg = Release|Any CPU
		{E563A0F0-FC0B-4C13-B4F6-8A750157BA6B}.Release|x86.Build.0 = Release|Any CPU
		{D4E5F6A7-B8C9-0123-4567-890ABCDEF012}.Debug|Any CPU.ActiveCfg = Debug|Any CPU
		{D4E5F6A7-B8C9-0123-4567-890ABCDEF012}.Debug|Any CPU.Build.0 = Debug|Any CPU
		{D4E5F6A7-B8C9-0123-4567-890ABCDEF012}.Debug|x64.ActiveCfg = Debug|Any CPU
		{D4E5F6A7-B8C9-0123-4567-890ABCDEF012}.Debug|x64.Build.0 = Debug|Any CPU
		{D4E5F6A7-B8C9-0123-4567-890ABCDEF012}.Debug|x86.ActiveCfg = Debug|Any CPU
		{D4E5F6A7-B8C9-0123-4567-890ABCDEF012}.Debug|x86.Build.0 = Debug|Any CPU
		{D4E5F6A7-B8C9-0123-4567-890ABCDEF012}.Release|Any CPU.ActiveCfg = Release|Any CPU
		{D4E5F6A7-B8C9-0123-4567-890ABCDEF012}.Release|Any CPU.Build.0 = Release|Any CPU
		{D4E5F6A7-B8C9-0123-4567-890ABCDEF012}.Release|x64.ActiveCfg = Release|Any CPU
		{D4E5F6A7-B8C9-0123-4567-890ABCDEF012}.Release|x64.Build.0 = Release|Any CPU
		{D4E5F6A7-B8C9-0123-4567-890ABCDEF012}.Release|x86.ActiveCfg = Release|Any CPU
		{D4E5F6A7-B8C9-0123-4567-890ABCDEF012}.Release|x86.Build.0 = Release|Any CPU
		{15BDD494-C484-486E-9B6B-50A0E317C956}.Debug|Any CPU.ActiveCfg = Debug|Any CPU
		{15BDD494-C484-486E-9B6B-50A0E317C956}.Debug|Any CPU.Build.0 = Debug|Any CPU
		{15BDD494-C484-486E-9B6B-50A0E317C956}.Debug|x64.ActiveCfg = Debug|Any CPU
		{15BDD494-C484-486E-9B6B-50A0E317C956}.Debug|x64.Build.0 = Debug|Any CPU
		{15BDD494-C484-486E-9B6B-50A0E317C956}.Debug|x86.ActiveCfg = Debug|Any CPU
		{15BDD494-C484-486E-9B6B-50A0E317C956}.Debug|x86.Build.0 = Debug|Any CPU
		{15BDD494-C484-486E-9B6B-50A0E317C956}.Release|Any CPU.ActiveCfg = Release|Any CPU
		{15BDD494-C484-486E-9B6B-50A0E317C956}.Release|Any CPU.Build.0 = Release|Any CPU
		{15BDD494-C484-486E-9B6B-50A0E317C956}.Release|x64.ActiveCfg = Release|Any CPU
		{15BDD494-C484-486E-9B6B-50A0E317C956}.Release|x64.Build.0 = Release|Any CPU
		{15BDD494-C484-486E-9B6B-50A0E317C956}.Release|x86.ActiveCfg = Release|Any CPU
		{15BDD494-C484-486E-9B6B-50A0E317C956}.Release|x86.Build.0 = Release|Any CPU
		{068FE146-8B5E-4796-8A71-C5BF727F82E3}.Debug|Any CPU.ActiveCfg = Debug|Any CPU
		{068FE146-8B5E-4796-8A71-C5BF727F82E3}.Debug|Any CPU.Build.0 = Debug|Any CPU
		{068FE146-8B5E-4796-8A71-C5BF727F82E3}.Debug|x64.ActiveCfg = Debug|Any CPU
		{068FE146-8B5E-4796-8A71-C5BF727F82E3}.Debug|x64.Build.0 = Debug|Any CPU
		{068FE146-8B5E-4796-8A71-C5BF727F82E3}.Debug|x86.ActiveCfg = Debug|Any CPU
		{068FE146-8B5E-4796-8A71-C5BF727F82E3}.Debug|x86.Build.0 = Debug|Any CPU
		{068FE146-8B5E-4796-8A71-C5BF727F82E3}.Release|Any CPU.ActiveCfg = Release|Any CPU
		{068FE146-8B5E-4796-8A71-C5BF727F82E3}.Release|Any CPU.Build.0 = Release|Any CPU
		{068FE146-8B5E-4796-8A71-C5BF727F82E3}.Release|x64.ActiveCfg = Release|Any CPU
		{068FE146-8B5E-4796-8A71-C5BF727F82E3}.Release|x64.Build.0 = Release|Any CPU
		{068FE146-8B5E-4796-8A71-C5BF727F82E3}.Release|x86.ActiveCfg = Release|Any CPU
		{068FE146-8B5E-4796-8A71-C5BF727F82E3}.Release|x86.Build.0 = Release|Any CPU
		{4ACC49D0-6015-4FF7-8C49-20772FB464DF}.Debug|Any CPU.ActiveCfg = Debug|Any CPU
		{4ACC49D0-6015-4FF7-8C49-20772FB464DF}.Debug|Any CPU.Build.0 = Debug|Any CPU
		{4ACC49D0-6015-4FF7-8C49-20772FB464DF}.Debug|x64.ActiveCfg = Debug|Any CPU
		{4ACC49D0-6015-4FF7-8C49-20772FB464DF}.Debug|x64.Build.0 = Debug|Any CPU
		{4ACC49D0-6015-4FF7-8C49-20772FB464DF}.Debug|x86.ActiveCfg = Debug|Any CPU
		{4ACC49D0-6015-4FF7-8C49-20772FB464DF}.Debug|x86.Build.0 = Debug|Any CPU
		{4ACC49D0-6015-4FF7-8C49-20772FB464DF}.Release|Any CPU.ActiveCfg = Release|Any CPU
		{4ACC49D0-6015-4FF7-8C49-20772FB464DF}.Release|Any CPU.Build.0 = Release|Any CPU
		{4ACC49D0-6015-4FF7-8C49-20772FB464DF}.Release|x64.ActiveCfg = Release|Any CPU
		{4ACC49D0-6015-4FF7-8C49-20772FB464DF}.Release|x64.Build.0 = Release|Any CPU
		{4ACC49D0-6015-4FF7-8C49-20772FB464DF}.Release|x86.ActiveCfg = Release|Any CPU
		{4ACC49D0-6015-4FF7-8C49-20772FB464DF}.Release|x86.Build.0 = Release|Any CPU
		{2331969F-F489-4D7D-B216-789B1CDC26DA}.Debug|Any CPU.ActiveCfg = Debug|Any CPU
		{2331969F-F489-4D7D-B216-789B1CDC26DA}.Debug|Any CPU.Build.0 = Debug|Any CPU
		{2331969F-F489-4D7D-B216-789B1CDC26DA}.Debug|x64.ActiveCfg = Debug|Any CPU
		{2331969F-F489-4D7D-B216-789B1CDC26DA}.Debug|x64.Build.0 = Debug|Any CPU
		{2331969F-F489-4D7D-B216-789B1CDC26DA}.Debug|x86.ActiveCfg = Debug|Any CPU
		{2331969F-F489-4D7D-B216-789B1CDC26DA}.Debug|x86.Build.0 = Debug|Any CPU
		{2331969F-F489-4D7D-B216-789B1CDC26DA}.Release|Any CPU.ActiveCfg = Release|Any CPU
		{2331969F-F489-4D7D-B216-789B1CDC26DA}.Release|Any CPU.Build.0 = Release|Any CPU
		{2331969F-F489-4D7D-B216-789B1CDC26DA}.Release|x64.ActiveCfg = Release|Any CPU
		{2331969F-F489-4D7D-B216-789B1CDC26DA}.Release|x64.Build.0 = Release|Any CPU
		{2331969F-F489-4D7D-B216-789B1CDC26DA}.Release|x86.ActiveCfg = Release|Any CPU
		{2331969F-F489-4D7D-B216-789B1CDC26DA}.Release|x86.Build.0 = Release|Any CPU
		{65D19C3C-6D2F-4264-94D3-EA9D9A6F507A}.Debug|Any CPU.ActiveCfg = Debug|Any CPU
		{65D19C3C-6D2F-4264-94D3-EA9D9A6F507A}.Debug|Any CPU.Build.0 = Debug|Any CPU
		{65D19C3C-6D2F-4264-94D3-EA9D9A6F507A}.Debug|x64.ActiveCfg = Debug|Any CPU
		{65D19C3C-6D2F-4264-94D3-EA9D9A6F507A}.Debug|x64.Build.0 = Debug|Any CPU
		{65D19C3C-6D2F-4264-94D3-EA9D9A6F507A}.Debug|x86.ActiveCfg = Debug|Any CPU
		{65D19C3C-6D2F-4264-94D3-EA9D9A6F507A}.Debug|x86.Build.0 = Debug|Any CPU
		{65D19C3C-6D2F-4264-94D3-EA9D9A6F507A}.Release|Any CPU.ActiveCfg = Release|Any CPU
		{65D19C3C-6D2F-4264-94D3-EA9D9A6F507A}.Release|Any CPU.Build.0 = Release|Any CPU
		{65D19C3C-6D2F-4264-94D3-EA9D9A6F507A}.Release|x64.ActiveCfg = Release|Any CPU
		{65D19C3C-6D2F-4264-94D3-EA9D9A6F507A}.Release|x64.Build.0 = Release|Any CPU
		{65D19C3C-6D2F-4264-94D3-EA9D9A6F507A}.Release|x86.ActiveCfg = Release|Any CPU
		{65D19C3C-6D2F-4264-94D3-EA9D9A6F507A}.Release|x86.Build.0 = Release|Any CPU
		{3C15E794-9135-482B-9785-944A7C18C429}.Debug|Any CPU.ActiveCfg = Debug|Any CPU
		{3C15E794-9135-482B-9785-944A7C18C429}.Debug|Any CPU.Build.0 = Debug|Any CPU
		{3C15E794-9135-482B-9785-944A7C18C429}.Debug|x64.ActiveCfg = Debug|Any CPU
		{3C15E794-9135-482B-9785-944A7C18C429}.Debug|x64.Build.0 = Debug|Any CPU
		{3C15E794-9135-482B-9785-944A7C18C429}.Debug|x86.ActiveCfg = Debug|Any CPU
		{3C15E794-9135-482B-9785-944A7C18C429}.Debug|x86.Build.0 = Debug|Any CPU
		{3C15E794-9135-482B-9785-944A7C18C429}.Release|Any CPU.ActiveCfg = Release|Any CPU
		{3C15E794-9135-482B-9785-944A7C18C429}.Release|Any CPU.Build.0 = Release|Any CPU
		{3C15E794-9135-482B-9785-944A7C18C429}.Release|x64.ActiveCfg = Release|Any CPU
		{3C15E794-9135-482B-9785-944A7C18C429}.Release|x64.Build.0 = Release|Any CPU
		{3C15E794-9135-482B-9785-944A7C18C429}.Release|x86.ActiveCfg = Release|Any CPU
		{3C15E794-9135-482B-9785-944A7C18C429}.Release|x86.Build.0 = Release|Any CPU
		{5A7080B3-37D2-47C0-BA8B-42CA49139796}.Debug|Any CPU.ActiveCfg = Debug|Any CPU
		{5A7080B3-37D2-47C0-BA8B-42CA49139796}.Debug|Any CPU.Build.0 = Debug|Any CPU
		{5A7080B3-37D2-47C0-BA8B-42CA49139796}.Debug|x64.ActiveCfg = Debug|Any CPU
		{5A7080B3-37D2-47C0-BA8B-42CA49139796}.Debug|x64.Build.0 = Debug|Any CPU
		{5A7080B3-37D2-47C0-BA8B-42CA49139796}.Debug|x86.ActiveCfg = Debug|Any CPU
		{5A7080B3-37D2-47C0-BA8B-42CA49139796}.Debug|x86.Build.0 = Debug|Any CPU
		{5A7080B3-37D2-47C0-BA8B-42CA49139796}.Release|Any CPU.ActiveCfg = Release|Any CPU
		{5A7080B3-37D2-47C0-BA8B-42CA49139796}.Release|Any CPU.Build.0 = Release|Any CPU
		{5A7080B3-37D2-47C0-BA8B-42CA49139796}.Release|x64.ActiveCfg = Release|Any CPU
		{5A7080B3-37D2-47C0-BA8B-42CA49139796}.Release|x64.Build.0 = Release|Any CPU
		{5A7080B3-37D2-47C0-BA8B-42CA49139796}.Release|x86.ActiveCfg = Release|Any CPU
		{5A7080B3-37D2-47C0-BA8B-42CA49139796}.Release|x86.Build.0 = Release|Any CPU
		{2D12C2C9-B067-4235-BDBA-2BE9C0111ABD}.Debug|Any CPU.ActiveCfg = Debug|Any CPU
		{2D12C2C9-B067-4235-BDBA-2BE9C0111ABD}.Debug|Any CPU.Build.0 = Debug|Any CPU
		{2D12C2C9-B067-4235-BDBA-2BE9C0111ABD}.Debug|x64.ActiveCfg = Debug|Any CPU
		{2D12C2C9-B067-4235-BDBA-2BE9C0111ABD}.Debug|x64.Build.0 = Debug|Any CPU
		{2D12C2C9-B067-4235-BDBA-2BE9C0111ABD}.Debug|x86.ActiveCfg = Debug|Any CPU
		{2D12C2C9-B067-4235-BDBA-2BE9C0111ABD}.Debug|x86.Build.0 = Debug|Any CPU
		{2D12C2C9-B067-4235-BDBA-2BE9C0111ABD}.Release|Any CPU.ActiveCfg = Release|Any CPU
		{2D12C2C9-B067-4235-BDBA-2BE9C0111ABD}.Release|Any CPU.Build.0 = Release|Any CPU
		{2D12C2C9-B067-4235-BDBA-2BE9C0111ABD}.Release|x64.ActiveCfg = Release|Any CPU
		{2D12C2C9-B067-4235-BDBA-2BE9C0111ABD}.Release|x64.Build.0 = Release|Any CPU
		{2D12C2C9-B067-4235-BDBA-2BE9C0111ABD}.Release|x86.ActiveCfg = Release|Any CPU
		{2D12C2C9-B067-4235-BDBA-2BE9C0111ABD}.Release|x86.Build.0 = Release|Any CPU
		{11FB392C-0138-4138-93CA-D9C4D0A59BF0}.Debug|Any CPU.ActiveCfg = Debug|Any CPU
		{11FB392C-0138-4138-93CA-D9C4D0A59BF0}.Debug|Any CPU.Build.0 = Debug|Any CPU
		{11FB392C-0138-4138-93CA-D9C4D0A59BF0}.Debug|x64.ActiveCfg = Debug|Any CPU
		{11FB392C-0138-4138-93CA-D9C4D0A59BF0}.Debug|x64.Build.0 = Debug|Any CPU
		{11FB392C-0138-4138-93CA-D9C4D0A59BF0}.Debug|x86.ActiveCfg = Debug|Any CPU
		{11FB392C-0138-4138-93CA-D9C4D0A59BF0}.Debug|x86.Build.0 = Debug|Any CPU
		{11FB392C-0138-4138-93CA-D9C4D0A59BF0}.Release|Any CPU.ActiveCfg = Release|Any CPU
		{11FB392C-0138-4138-93CA-D9C4D0A59BF0}.Release|Any CPU.Build.0 = Release|Any CPU
		{11FB392C-0138-4138-93CA-D9C4D0A59BF0}.Release|x64.ActiveCfg = Release|Any CPU
		{11FB392C-0138-4138-93CA-D9C4D0A59BF0}.Release|x64.Build.0 = Release|Any CPU
		{11FB392C-0138-4138-93CA-D9C4D0A59BF0}.Release|x86.ActiveCfg = Release|Any CPU
		{11FB392C-0138-4138-93CA-D9C4D0A59BF0}.Release|x86.Build.0 = Release|Any CPU
		{0DD360D2-FFAC-4D68-88B7-89F4C257D7D8}.Debug|Any CPU.ActiveCfg = Debug|Any CPU
		{0DD360D2-FFAC-4D68-88B7-89F4C257D7D8}.Debug|Any CPU.Build.0 = Debug|Any CPU
		{0DD360D2-FFAC-4D68-88B7-89F4C257D7D8}.Debug|x64.ActiveCfg = Debug|Any CPU
		{0DD360D2-FFAC-4D68-88B7-89F4C257D7D8}.Debug|x64.Build.0 = Debug|Any CPU
		{0DD360D2-FFAC-4D68-88B7-89F4C257D7D8}.Debug|x86.ActiveCfg = Debug|Any CPU
		{0DD360D2-FFAC-4D68-88B7-89F4C257D7D8}.Debug|x86.Build.0 = Debug|Any CPU
		{0DD360D2-FFAC-4D68-88B7-89F4C257D7D8}.Release|Any CPU.ActiveCfg = Release|Any CPU
		{0DD360D2-FFAC-4D68-88B7-89F4C257D7D8}.Release|Any CPU.Build.0 = Release|Any CPU
		{0DD360D2-FFAC-4D68-88B7-89F4C257D7D8}.Release|x64.ActiveCfg = Release|Any CPU
		{0DD360D2-FFAC-4D68-88B7-89F4C257D7D8}.Release|x64.Build.0 = Release|Any CPU
		{0DD360D2-FFAC-4D68-88B7-89F4C257D7D8}.Release|x86.ActiveCfg = Release|Any CPU
		{0DD360D2-FFAC-4D68-88B7-89F4C257D7D8}.Release|x86.Build.0 = Release|Any CPU
		{50DDF68B-1919-46FD-8A71-CC4F08A18B26}.Debug|Any CPU.ActiveCfg = Debug|Any CPU
		{50DDF68B-1919-46FD-8A71-CC4F08A18B26}.Debug|Any CPU.Build.0 = Debug|Any CPU
		{50DDF68B-1919-46FD-8A71-CC4F08A18B26}.Debug|x64.ActiveCfg = Debug|Any CPU
		{50DDF68B-1919-46FD-8A71-CC4F08A18B26}.Debug|x64.Build.0 = Debug|Any CPU
		{50DDF68B-1919-46FD-8A71-CC4F08A18B26}.Debug|x86.ActiveCfg = Debug|Any CPU
		{50DDF68B-1919-46FD-8A71-CC4F08A18B26}.Debug|x86.Build.0 = Debug|Any CPU
		{50DDF68B-1919-46FD-8A71-CC4F08A18B26}.Release|Any CPU.ActiveCfg = Release|Any CPU
		{50DDF68B-1919-46FD-8A71-CC4F08A18B26}.Release|Any CPU.Build.0 = Release|Any CPU
		{50DDF68B-1919-46FD-8A71-CC4F08A18B26}.Release|x64.ActiveCfg = Release|Any CPU
		{50DDF68B-1919-46FD-8A71-CC4F08A18B26}.Release|x64.Build.0 = Release|Any CPU
		{50DDF68B-1919-46FD-8A71-CC4F08A18B26}.Release|x86.ActiveCfg = Release|Any CPU
		{50DDF68B-1919-46FD-8A71-CC4F08A18B26}.Release|x86.Build.0 = Release|Any CPU
		{42A2C706-6A86-48DA-88D7-8A3761A2806C}.Debug|Any CPU.ActiveCfg = Debug|Any CPU
		{42A2C706-6A86-48DA-88D7-8A3761A2806C}.Debug|Any CPU.Build.0 = Debug|Any CPU
		{42A2C706-6A86-48DA-88D7-8A3761A2806C}.Debug|x64.ActiveCfg = Debug|Any CPU
		{42A2C706-6A86-48DA-88D7-8A3761A2806C}.Debug|x64.Build.0 = Debug|Any CPU
		{42A2C706-6A86-48DA-88D7-8A3761A2806C}.Debug|x86.ActiveCfg = Debug|Any CPU
		{42A2C706-6A86-48DA-88D7-8A3761A2806C}.Debug|x86.Build.0 = Debug|Any CPU
		{42A2C706-6A86-48DA-88D7-8A3761A2806C}.Release|Any CPU.ActiveCfg = Release|Any CPU
		{42A2C706-6A86-48DA-88D7-8A3761A2806C}.Release|Any CPU.Build.0 = Release|Any CPU
		{42A2C706-6A86-48DA-88D7-8A3761A2806C}.Release|x64.ActiveCfg = Release|Any CPU
		{42A2C706-6A86-48DA-88D7-8A3761A2806C}.Release|x64.Build.0 = Release|Any CPU
		{42A2C706-6A86-48DA-88D7-8A3761A2806C}.Release|x86.ActiveCfg = Release|Any CPU
		{42A2C706-6A86-48DA-88D7-8A3761A2806C}.Release|x86.Build.0 = Release|Any CPU
		{AF881AF4-0D23-49FF-BFE1-FD4C772DE0A3}.Debug|Any CPU.ActiveCfg = Debug|Any CPU
		{AF881AF4-0D23-49FF-BFE1-FD4C772DE0A3}.Debug|Any CPU.Build.0 = Debug|Any CPU
		{AF881AF4-0D23-49FF-BFE1-FD4C772DE0A3}.Debug|x64.ActiveCfg = Debug|Any CPU
		{AF881AF4-0D23-49FF-BFE1-FD4C772DE0A3}.Debug|x64.Build.0 = Debug|Any CPU
		{AF881AF4-0D23-49FF-BFE1-FD4C772DE0A3}.Debug|x86.ActiveCfg = Debug|Any CPU
		{AF881AF4-0D23-49FF-BFE1-FD4C772DE0A3}.Debug|x86.Build.0 = Debug|Any CPU
		{AF881AF4-0D23-49FF-BFE1-FD4C772DE0A3}.Release|Any CPU.ActiveCfg = Release|Any CPU
		{AF881AF4-0D23-49FF-BFE1-FD4C772DE0A3}.Release|Any CPU.Build.0 = Release|Any CPU
		{AF881AF4-0D23-49FF-BFE1-FD4C772DE0A3}.Release|x64.ActiveCfg = Release|Any CPU
		{AF881AF4-0D23-49FF-BFE1-FD4C772DE0A3}.Release|x64.Build.0 = Release|Any CPU
		{AF881AF4-0D23-49FF-BFE1-FD4C772DE0A3}.Release|x86.ActiveCfg = Release|Any CPU
		{AF881AF4-0D23-49FF-BFE1-FD4C772DE0A3}.Release|x86.Build.0 = Release|Any CPU
		{D7B97E2C-6EE3-4A15-AF22-B1C18A8D0081}.Debug|Any CPU.ActiveCfg = Debug|Any CPU
		{D7B97E2C-6EE3-4A15-AF22-B1C18A8D0081}.Debug|Any CPU.Build.0 = Debug|Any CPU
		{D7B97E2C-6EE3-4A15-AF22-B1C18A8D0081}.Debug|x64.ActiveCfg = Debug|Any CPU
		{D7B97E2C-6EE3-4A15-AF22-B1C18A8D0081}.Debug|x64.Build.0 = Debug|Any CPU
		{D7B97E2C-6EE3-4A15-AF22-B1C18A8D0081}.Debug|x86.ActiveCfg = Debug|Any CPU
		{D7B97E2C-6EE3-4A15-AF22-B1C18A8D0081}.Debug|x86.Build.0 = Debug|Any CPU
		{D7B97E2C-6EE3-4A15-AF22-B1C18A8D0081}.Release|Any CPU.ActiveCfg = Release|Any CPU
		{D7B97E2C-6EE3-4A15-AF22-B1C18A8D0081}.Release|Any CPU.Build.0 = Release|Any CPU
		{D7B97E2C-6EE3-4A15-AF22-B1C18A8D0081}.Release|x64.ActiveCfg = Release|Any CPU
		{D7B97E2C-6EE3-4A15-AF22-B1C18A8D0081}.Release|x64.Build.0 = Release|Any CPU
		{D7B97E2C-6EE3-4A15-AF22-B1C18A8D0081}.Release|x86.ActiveCfg = Release|Any CPU
		{D7B97E2C-6EE3-4A15-AF22-B1C18A8D0081}.Release|x86.Build.0 = Release|Any CPU
		{D267741A-7EB4-4A69-8E09-31FF97DFE5B2}.Debug|Any CPU.ActiveCfg = Debug|Any CPU
		{D267741A-7EB4-4A69-8E09-31FF97DFE5B2}.Debug|Any CPU.Build.0 = Debug|Any CPU
		{D267741A-7EB4-4A69-8E09-31FF97DFE5B2}.Debug|x64.ActiveCfg = Debug|Any CPU
		{D267741A-7EB4-4A69-8E09-31FF97DFE5B2}.Debug|x64.Build.0 = Debug|Any CPU
		{D267741A-7EB4-4A69-8E09-31FF97DFE5B2}.Debug|x86.ActiveCfg = Debug|Any CPU
		{D267741A-7EB4-4A69-8E09-31FF97DFE5B2}.Debug|x86.Build.0 = Debug|Any CPU
		{D267741A-7EB4-4A69-8E09-31FF97DFE5B2}.Release|Any CPU.ActiveCfg = Release|Any CPU
		{D267741A-7EB4-4A69-8E09-31FF97DFE5B2}.Release|Any CPU.Build.0 = Release|Any CPU
		{D267741A-7EB4-4A69-8E09-31FF97DFE5B2}.Release|x64.ActiveCfg = Release|Any CPU
		{D267741A-7EB4-4A69-8E09-31FF97DFE5B2}.Release|x64.Build.0 = Release|Any CPU
		{D267741A-7EB4-4A69-8E09-31FF97DFE5B2}.Release|x86.ActiveCfg = Release|Any CPU
		{D267741A-7EB4-4A69-8E09-31FF97DFE5B2}.Release|x86.Build.0 = Release|Any CPU
		{4F96DF72-5421-4AA9-83E5-626608C28A9B}.Debug|Any CPU.ActiveCfg = Debug|Any CPU
		{4F96DF72-5421-4AA9-83E5-626608C28A9B}.Debug|Any CPU.Build.0 = Debug|Any CPU
		{4F96DF72-5421-4AA9-83E5-626608C28A9B}.Debug|x64.ActiveCfg = Debug|Any CPU
		{4F96DF72-5421-4AA9-83E5-626608C28A9B}.Debug|x64.Build.0 = Debug|Any CPU
		{4F96DF72-5421-4AA9-83E5-626608C28A9B}.Debug|x86.ActiveCfg = Debug|Any CPU
		{4F96DF72-5421-4AA9-83E5-626608C28A9B}.Debug|x86.Build.0 = Debug|Any CPU
		{4F96DF72-5421-4AA9-83E5-626608C28A9B}.Release|Any CPU.ActiveCfg = Release|Any CPU
		{4F96DF72-5421-4AA9-83E5-626608C28A9B}.Release|Any CPU.Build.0 = Release|Any CPU
		{4F96DF72-5421-4AA9-83E5-626608C28A9B}.Release|x64.ActiveCfg = Release|Any CPU
		{4F96DF72-5421-4AA9-83E5-626608C28A9B}.Release|x64.Build.0 = Release|Any CPU
		{4F96DF72-5421-4AA9-83E5-626608C28A9B}.Release|x86.ActiveCfg = Release|Any CPU
		{4F96DF72-5421-4AA9-83E5-626608C28A9B}.Release|x86.Build.0 = Release|Any CPU
		{FA2300CE-E89B-4C09-AA78-2710879805D5}.Debug|Any CPU.ActiveCfg = Debug|Any CPU
		{FA2300CE-E89B-4C09-AA78-2710879805D5}.Debug|Any CPU.Build.0 = Debug|Any CPU
		{FA2300CE-E89B-4C09-AA78-2710879805D5}.Debug|x64.ActiveCfg = Debug|Any CPU
		{FA2300CE-E89B-4C09-AA78-2710879805D5}.Debug|x64.Build.0 = Debug|Any CPU
		{FA2300CE-E89B-4C09-AA78-2710879805D5}.Debug|x86.ActiveCfg = Debug|Any CPU
		{FA2300CE-E89B-4C09-AA78-2710879805D5}.Debug|x86.Build.0 = Debug|Any CPU
		{FA2300CE-E89B-4C09-AA78-2710879805D5}.Release|Any CPU.ActiveCfg = Release|Any CPU
		{FA2300CE-E89B-4C09-AA78-2710879805D5}.Release|Any CPU.Build.0 = Release|Any CPU
		{FA2300CE-E89B-4C09-AA78-2710879805D5}.Release|x64.ActiveCfg = Release|Any CPU
		{FA2300CE-E89B-4C09-AA78-2710879805D5}.Release|x64.Build.0 = Release|Any CPU
		{FA2300CE-E89B-4C09-AA78-2710879805D5}.Release|x86.ActiveCfg = Release|Any CPU
		{FA2300CE-E89B-4C09-AA78-2710879805D5}.Release|x86.Build.0 = Release|Any CPU
	EndGlobalSection
	GlobalSection(SolutionProperties) = preSolution
		HideSolutionNode = FALSE
	EndGlobalSection
	GlobalSection(NestedProjects) = preSolution
		{8D626EA8-CB54-BC41-363A-217881BEBA6E} = {827E0CD3-B72D-47B6-A68D-7590B98EB39B}
		{9700D91F-71D9-43D8-9981-9C404CBAD542} = {8D626EA8-CB54-BC41-363A-217881BEBA6E}
		{96EC75BD-5942-4188-BBC0-24B241B78227} = {8D626EA8-CB54-BC41-363A-217881BEBA6E}
		{F4DF5C8C-03B8-48F3-B357-DE71AF695C1F} = {8D626EA8-CB54-BC41-363A-217881BEBA6E}
		{2A2FF877-086E-4295-A146-0CD2F51536F1} = {8D626EA8-CB54-BC41-363A-217881BEBA6E}
		{C2DD33AA-24AC-4A07-8505-ED65C10C02E8} = {8D626EA8-CB54-BC41-363A-217881BEBA6E}
		{C4F304DF-6F30-4EA6-A575-C814A7C273D4} = {8D626EA8-CB54-BC41-363A-217881BEBA6E}
		{1B129BDC-3A27-4F23-B0EB-0F2C7F601DCD} = {8D626EA8-CB54-BC41-363A-217881BEBA6E}
		{5A5A31B9-53A9-4A22-A367-7DB4C7A51122} = {8D626EA8-CB54-BC41-363A-217881BEBA6E}
		{B0194473-BEB4-432D-8221-F260B4577098} = {8D626EA8-CB54-BC41-363A-217881BEBA6E}
		{98366FDA-4A08-42F9-A541-4897A271756A} = {8D626EA8-CB54-BC41-363A-217881BEBA6E}
		{8EB5C3A2-CFC0-4DA9-95FE-D0A1183C70EE} = {8D626EA8-CB54-BC41-363A-217881BEBA6E}
		{40FC3DFB-DEC2-4ED8-8E6F-D564FBC09591} = {8D626EA8-CB54-BC41-363A-217881BEBA6E}
		{A00C6FA9-3F48-4C54-858A-E08E6394FF06} = {8D626EA8-CB54-BC41-363A-217881BEBA6E}
		{C520FFC2-57C8-4184-B2E9-7F9C3B21972A} = {8D626EA8-CB54-BC41-363A-217881BEBA6E}
		{C822A90B-A984-4BDD-B757-0F701AFC1DCF} = {8D626EA8-CB54-BC41-363A-217881BEBA6E}
		{5D04A56D-DE7B-4F3F-8BFC-F1AB72C59559} = {8D626EA8-CB54-BC41-363A-217881BEBA6E}
		{8F9213C6-6094-4D76-9350-890DA99813C7} = {8D626EA8-CB54-BC41-363A-217881BEBA6E}
		{104EF540-7CE8-4690-BAE1-E10C7420DE7F} = {8D626EA8-CB54-BC41-363A-217881BEBA6E}
		{E563A0F0-FC0B-4C13-B4F6-8A750157BA6B} = {8D626EA8-CB54-BC41-363A-217881BEBA6E}
		{A1B2C3D4-E5F6-7890-ABCD-EF1234567890} = {827E0CD3-B72D-47B6-A68D-7590B98EB39B}
		{D4E5F6A7-B8C9-0123-4567-890ABCDEF012} = {A1B2C3D4-E5F6-7890-ABCD-EF1234567890}
		{15BDD494-C484-486E-9B6B-50A0E317C956} = {0AB3BF05-4346-4AA6-1389-037BE0695223}
		{068FE146-8B5E-4796-8A71-C5BF727F82E3} = {827E0CD3-B72D-47B6-A68D-7590B98EB39B}
		{4ACC49D0-6015-4FF7-8C49-20772FB464DF} = {8D626EA8-CB54-BC41-363A-217881BEBA6E}
		{2331969F-F489-4D7D-B216-789B1CDC26DA} = {0AB3BF05-4346-4AA6-1389-037BE0695223}
		{65D19C3C-6D2F-4264-94D3-EA9D9A6F507A} = {A1B2C3D4-E5F6-7890-ABCD-EF1234567890}
		{3C15E794-9135-482B-9785-944A7C18C429} = {A1B2C3D4-E5F6-7890-ABCD-EF1234567890}
		{5A7080B3-37D2-47C0-BA8B-42CA49139796} = {A1B2C3D4-E5F6-7890-ABCD-EF1234567890}
		{2D12C2C9-B067-4235-BDBA-2BE9C0111ABD} = {A1B2C3D4-E5F6-7890-ABCD-EF1234567890}
		{11FB392C-0138-4138-93CA-D9C4D0A59BF0} = {A1B2C3D4-E5F6-7890-ABCD-EF1234567890}
		{0DD360D2-FFAC-4D68-88B7-89F4C257D7D8} = {A1B2C3D4-E5F6-7890-ABCD-EF1234567890}
		{50DDF68B-1919-46FD-8A71-CC4F08A18B26} = {A1B2C3D4-E5F6-7890-ABCD-EF1234567890}
		{42A2C706-6A86-48DA-88D7-8A3761A2806C} = {A1B2C3D4-E5F6-7890-ABCD-EF1234567890}
		{AF881AF4-0D23-49FF-BFE1-FD4C772DE0A3} = {A1B2C3D4-E5F6-7890-ABCD-EF1234567890}
		{D7B97E2C-6EE3-4A15-AF22-B1C18A8D0081} = {A1B2C3D4-E5F6-7890-ABCD-EF1234567890}
		{D267741A-7EB4-4A69-8E09-31FF97DFE5B2} = {A1B2C3D4-E5F6-7890-ABCD-EF1234567890}
		{4F96DF72-5421-4AA9-83E5-626608C28A9B} = {A1B2C3D4-E5F6-7890-ABCD-EF1234567890}
		{2103A255-CDC9-B046-5137-5BC9ADECDA6A} = {A1B2C3D4-E5F6-7890-ABCD-EF1234567890}
		{CA9595F0-21A6-FCC5-9C21-4F42211C112C} = {2103A255-CDC9-B046-5137-5BC9ADECDA6A}
		{FA2300CE-E89B-4C09-AA78-2710879805D5} = {CA9595F0-21A6-FCC5-9C21-4F42211C112C}
	EndGlobalSection
EndGlobal
